
Microsoft Visual Studio Solution File, Format Version 12.00
# Visual Studio Version 16
VisualStudioVersion = 16.0.30717.126
MinimumVisualStudioVersion = 10.0.40219.1
Project("{FAE04EC0-301F-11D3-BF4B-00C04F79EFBC}") = "ObserverPattern", "ObserverPattern\ObserverPattern.csproj", "{9923FA99-4D69-4C35-A104-71BD96C918E5}"
EndProject
Global
	GlobalSection(SolutionConfigurationPlatforms) = preSolution
		Debug|Any CPU = Debug|Any CPU
		Release|Any CPU = Release|Any CPU
	EndGlobalSection
	GlobalSection(ProjectConfigurationPlatforms) = postSolution
		{9923FA99-4D69-4C35-A104-71BD96C918E5}.Debug|Any CPU.ActiveCfg = Debug|Any CPU
		{9923FA99-4D69-4C35-A104-71BD96C918E5}.Debug|Any CPU.Build.0 = Debug|Any CPU
		{9923FA99-4D69-4C35-A104-71BD96C918E5}.Release|Any CPU.ActiveCfg = Release|Any CPU
		{9923FA99-4D69-4C35-A104-71BD96C918E5}.Release|Any CPU.Build.0 = Release|Any CPU
	EndGlobalSection
	GlobalSection(SolutionProperties) = preSolution
		HideSolutionNode = FALSE
	EndGlobalSection
	GlobalSection(ExtensibilityGlobals) = postSolution
		SolutionGuid = {3E4C1EC4-1DFA-4C02-AE7B-F7FA4EAAD46D}
	EndGlobalSection
EndGlobal
